version = 1
revision = 3
requires-python = ">=3.9"
resolution-markers = [
    "python_full_version >= '3.10'",
    "python_full_version < '3.10'",
]

[[package]]
name = "ai-pdf-parser-poc"
version = "0.1.0"
source = { virtual = "." }
dependencies = [
    { name = "pymupdf", version = "1.26.5", source = { registry = "https://pypi.org/simple" }, marker = "python_full_version < '3.10'" },
    { name = "pymupdf", version = "1.27.1", source = { registry = "https://pypi.org/simple" }, marker = "python_full_version >= '3.10'" },
]

[package.metadata]
requires-dist = [{ name = "pymupdf", specifier = ">=1.26.5" }]

[[package]]
name = "pymupdf"
version = "1.26.5"
source = { registry = "https://pypi.org/simple" }
resolution-markers = [
    "python_full_version < '3.10'",
]
sdist = { url = "https://files.pythonhosted.org/packages/8d/9a/e0a4e92a85fc17be7c54afdbb113f0ade2a8bca49856d510e28bd249e462/pymupdf-1.26.5.tar.gz", hash = "sha256:8ef335e07f648492df240f2247854d0e7c0467afb9c4dc2376ec30978ec158c3", size = 84319274, upload-time = "2025-10-10T14:04:51.826Z" }
wheels = [
    { url = "https://files.pythonhosted.org/packages/dd/3f/7fc927fd66922ce838d4c974ff9a685c5f5aba108a5d94914dc05c9371f5/pymupdf-1.26.5-cp39-abi3-macosx_10_9_x86_64.whl", hash = "sha256:2bfb58f07ad631e5f71ad0bd6f1ff52700f7ba7ebb4973130e81e75b721beae1", size = 23065601, upload-time = "2025-10-10T13:58:43.98Z" },
    { url = "https://files.pythonhosted.org/packages/c1/e2/e87e62284ba98d59f1fd4fc7542ef2ed0002525754a485fa4077b3bbddae/pymupdf-1.26.5-cp39-abi3-macosx_11_0_arm64.whl", hash = "sha256:d58599479bc471d3ae56c3d68d9160d0b7de8a3bd40221ddc3a4eaae2d281b86", size = 22412612, upload-time = "2025-10-10T13:59:04.846Z" },
    { url = "https://files.pythonhosted.org/packages/df/c2/af93c6367f79e9b5435f803bde51c1dc8225f054f8238162dda80b44986d/pymupdf-1.26.5-cp39-abi3-manylinux_2_28_aarch64.whl", hash = "sha256:7dfea81fdd73437a6a6ce83e1fcf556faee9327a6540571e58bf04fa362bb0cd", size = 23457410, upload-time = "2025-10-10T22:45:26.355Z" },
    { url = "https://files.pythonhosted.org/packages/5b/5a/1292a0df4ff71fbc00dfa8c08759d17c97e1e8ea9277eb5bc5f079ca188d/pymupdf-1.26.5-cp39-abi3-manylinux_2_28_x86_64.whl", hash = "sha256:caad0ffeb63dcc4a29ca40f3c68d7b78d32a932e834b0056b529cc0bdbaaffc9", size = 24064941, upload-time = "2025-10-10T13:59:48.544Z" },
    { url = "https://files.pythonhosted.org/packages/28/90/87b7fdfc9cd6991a3eb69a5752f6343374c34f258c511c242f4d60791eea/pymupdf-1.26.5-cp39-abi3-musllinux_1_2_x86_64.whl", hash = "sha256:e24e7a7d696bd398543cc5c147869edb2026d5d5a21b7f8e35db2f20170b389e", size = 24268203, upload-time = "2025-10-10T14:00:28.791Z" },
    { url = "https://files.pythonhosted.org/packages/2c/99/9d4b36485538e29df0a013fb02bbf6b5b0743a428fa07515e36631c43363/pymupdf-1.26.5-cp39-abi3-win32.whl", hash = "sha256:a2a42f5911d153a47bf5c3e162a0bfe8745eb9bec3e59fbaf87617b4003d8270", size = 17130722, upload-time = "2025-10-10T14:00:51.377Z" },
    { url = "https://files.pythonhosted.org/packages/c6/96/fd59c1532891762ea4815e73956c532053d5e26d56969e1e5d1e4ca4b207/pymupdf-1.26.5-cp39-abi3-win_amd64.whl", hash = "sha256:39a6fb58182b27b51ea8150a0cd2e4ee7e0cf71e9d6723978f28699b42ee61ae", size = 18747258, upload-time = "2025-10-10T14:01:37.346Z" },
]

[[package]]
name = "pymupdf"
version = "1.27.1"
source = { registry = "https://pypi.org/simple" }
resolution-markers = [
    "python_full_version >= '3.10'",
]
sdist = { url = "https://files.pythonhosted.org/packages/1b/0c/40dda0cc4bd2220a2ef75f8c53dd7d8ed1e29681fcb3df75db6ee9677a7e/pymupdf-1.27.1.tar.gz", hash = "sha256:4afbde0769c336717a149ab0de3330dcb75378f795c1a8c5af55c1a628b17d55", size = 85303479, upload-time = "2026-02-12T08:29:17.682Z" }
wheels = [
    { url = "https://files.pythonhosted.org/packages/13/19/fde6ea4712a904b65e8f41124a0e4233879b87a770fe6a8ce857964de6d5/pymupdf-1.27.1-cp310-abi3-macosx_10_9_x86_64.whl", hash = "sha256:bee9f95512f9556dbf2cacfd1413c61b29a55baa07fa7f8fc83d221d8419888a", size = 23986707, upload-time = "2026-02-11T15:03:24.025Z" },
    { url = "https://files.pythonhosted.org/packages/75/c2/070dff91ad3f1bc16fd6c6ceff23495601fcce4c92d28be534417596418a/pymupdf-1.27.1-cp310-abi3-macosx_11_0_arm64.whl", hash = "sha256:3de95a0889395b0966fafd11b94980b7543a816e89dd1c218597a08543ac3415", size = 23263493, upload-time = "2026-02-11T15:03:45.528Z" },
    { url = "https://files.pythonhosted.org/packages/8e/db/937377f4b3e0fbf6273c17436a49f7db17df1a46b1be9e26653b6fafc0e1/pymupdf-1.27.1-cp310-abi3-manylinux_2_28_aarch64.whl", hash = "sha256:2c9d9353b840040cbc724341f4095fb7e2cc1a12a9147d0ec1a0a79f5d773147", size = 24317651, upload-time = "2026-02-11T22:33:38.967Z" },
    { url = "https://files.pythonhosted.org/packages/72/d5/c701cf2d0cdd6e5d6bca3ca9188d7f5d7ce3ae67dd1368d658cd4bae2707/pymupdf-1.27.1-cp310-abi3-manylinux_2_28_x86_64.whl", hash = "sha256:aeaed76e72cbc061149a825ab0811c5f4752970c56591c2938c5042ec06b26e1", size = 24945742, upload-time = "2026-02-11T15:04:06.21Z" },
    { url = "https://files.pythonhosted.org/packages/2b/29/690202b38b93cf77b73a29c25a63a2b6f3fcb36b1f75006e50b8dee7c108/pymupdf-1.27.1-cp310-abi3-musllinux_1_2_x86_64.whl", hash = "sha256:4f1837554134fb45d390a44de8844b2ca9b6c901c82ccc90b340e3b7f3b126ca", size = 25167965, upload-time = "2026-02-11T22:36:35.478Z" },
    { url = "https://files.pythonhosted.org/packages/8a/81/f937e6aa606fd263c3a45d0ff0f0bbdbf3fb779933091fc0f6179513cc93/pymupdf-1.27.1-cp310-abi3-win32.whl", hash = "sha256:fa33b512d82c6c4852edadf57f22d5f27d16243bb33dac0fbe4eb0f281c5b17e", size = 18006253, upload-time = "2026-02-12T13:48:07.129Z" },
    { url = "https://files.pythonhosted.org/packages/3e/99/fe4a7752990bf65277718fffbead4478de9afd1c7288d7a6d643f79a6fa7/pymupdf-1.27.1-cp310-abi3-win_amd64.whl", hash = "sha256:4b6268dff3a9d713034eba5c2ffce0da37c62443578941ac5df433adcde57b2f", size = 19236703, upload-time = "2026-02-11T15:04:19.607Z" },
]
